
Microsoft Visual Studio Solution File, Format Version 12.00
# Visual Studio Version 17
VisualStudioVersion = 17.13.35825.156 d17.13
MinimumVisualStudioVersion = 10.0.40219.1
Project("{FAE04EC0-301F-11D3-BF4B-00C04F79EFBC}") = "ProductService", "ProductService\ProductService.csproj", "{A7ED4645-2CC8-45FB-89BA-0404E34EB57F}"
EndProject
Global
	GlobalSection(SolutionConfigurationPlatforms) = preSolution
		Debug|Any CPU = Debug|Any CPU
		Release|Any CPU = Release|Any CPU
	EndGlobalSection
	GlobalSection(ProjectConfigurationPlatforms) = postSolution
		{A7ED4645-2CC8-45FB-89BA-0404E34EB57F}.Debug|Any CPU.ActiveCfg = Debug|Any CPU
		{A7ED4645-2CC8-45FB-89BA-0404E34EB57F}.Debug|Any CPU.Build.0 = Debug|Any CPU
		{A7ED4645-2CC8-45FB-89BA-0404E34EB57F}.Release|Any CPU.ActiveCfg = Release|Any CPU
		{A7ED4645-2CC8-45FB-89BA-0404E34EB57F}.Release|Any CPU.Build.0 = Release|Any CPU
	EndGlobalSection
	GlobalSection(SolutionProperties) = preSolution
		HideSolutionNode = FALSE
	EndGlobalSection
	GlobalSection(ExtensibilityGlobals) = postSolution
		SolutionGuid = {067908BC-850F-4B78-BC70-E89A6AE20BAF}
	EndGlobalSection
EndGlobal
